
Microsoft Visual Studio Solution File, Format Version 12.00
# Visual Studio Version 17
VisualStudioVersion = 17.9.34622.214
MinimumVisualStudioVersion = 10.0.40219.1
Project("{FAE04EC0-301F-11D3-BF4B-00C04F79EFBC}") = "Exam", "Exam\Exam.csproj", "{869634A3-0695-463C-A00F-70D5219D56C0}"
EndProject
Global
	GlobalSection(SolutionConfigurationPlatforms) = preSolution
		Debug|Any CPU = Debug|Any CPU
		Release|Any CPU = Release|Any CPU
	EndGlobalSection
	GlobalSection(ProjectConfigurationPlatforms) = postSolution
		{869634A3-0695-463C-A00F-70D5219D56C0}.Debug|Any CPU.ActiveCfg = Debug|Any CPU
		{869634A3-0695-463C-A00F-70D5219D56C0}.Debug|Any CPU.Build.0 = Debug|Any CPU
		{869634A3-0695-463C-A00F-70D5219D56C0}.Release|Any CPU.ActiveCfg = Release|Any CPU
		{869634A3-0695-463C-A00F-70D5219D56C0}.Release|Any CPU.Build.0 = Release|Any CPU
	EndGlobalSection
	GlobalSection(SolutionProperties) = preSolution
		HideSolutionNode = FALSE
	EndGlobalSection
	GlobalSection(ExtensibilityGlobals) = postSolution
		SolutionGuid = {375815C0-0B69-4CE0-BD50-0C065734BBDE}
	EndGlobalSection
EndGlobal
